// !$*UTF8*$!
{
	archiveVersion = 1;
	classes = {
	};
	objectVersion = 46;
	objects = {

/* Begin PBXBuildFile section */
		A74A819C1C66F9D9000C12BD /* main.cpp in Sources */ = {isa = PBXBuildFile; fileRef = A74A819B1C66F9D9000C12BD /* main.cpp */; };
		A7D829671C987BAF00DA4885 /* Site.cpp in Sources */ = {isa = PBXBuildFile; fileRef = A7D829651C987BAF00DA4885 /* Site.cpp */; };
		A7D8296A1C987BFC00DA4885 /* Lattice.cpp in Sources */ = {isa = PBXBuildFile; fileRef = A7D829681C987BFC00DA4885 /* Lattice.cpp */; };
/* End PBXBuildFile section */

/* Begin PBXCopyFilesBuildPhase section */
		A74A81961C66F9D9000C12BD /* CopyFiles */ = {
			isa = PBXCopyFilesBuildPhase;
			buildActionMask = 2147483647;
			dstPath = /usr/share/man/man1/;
			dstSubfolderSpec = 0;
			files = (
			);
			runOnlyForDeploymentPostprocessing = 1;
		};
/* End PBXCopyFilesBuildPhase section */

/* Begin PBXFileReference section */
		A74A81981C66F9D9000C12BD /* Lattice_AMPS */ = {isa = PBXFileReference; explicitFileType = "compiled.mach-o.executable"; includeInIndex = 0; path = Lattice_AMPS; sourceTree = BUILT_PRODUCTS_DIR; };
		A74A819B1C66F9D9000C12BD /* main.cpp */ = {isa = PBXFileReference; lastKnownFileType = sourcecode.cpp.cpp; path = main.cpp; sourceTree = "<group>"; };
		A7D829651C987BAF00DA4885 /* Site.cpp */ = {isa = PBXFileReference; fileEncoding = 4; lastKnownFileType = sourcecode.cpp.cpp; path = Site.cpp; sourceTree = "<group>"; };
		A7D829661C987BAF00DA4885 /* Site.hpp */ = {isa = PBXFileReference; fileEncoding = 4; lastKnownFileType = sourcecode.cpp.h; path = Site.hpp; sourceTree = "<group>"; };
		A7D829681C987BFC00DA4885 /* Lattice.cpp */ = {isa = PBXFileReference; fileEncoding = 4; lastKnownFileType = sourcecode.cpp.cpp; path = Lattice.cpp; sourceTree = "<group>"; };
		A7D829691C987BFC00DA4885 /* Lattice.hpp */ = {isa = PBXFileReference; fileEncoding = 4; lastKnownFileType = sourcecode.cpp.h; path = Lattice.hpp; sourceTree = "<group>"; };
/* End PBXFileReference section */

/* Begin PBXFrameworksBuildPhase section */
		A74A81951C66F9D9000C12BD /* Frameworks */ = {
			isa = PBXFrameworksBuildPhase;
			buildActionMask = 2147483647;
			files = (
			);
			runOnlyForDeploymentPostprocessing = 0;
		};
/* End PBXFrameworksBuildPhase section */

/* Begin PBXGroup section */
		A74A818F1C66F9D9000C12BD = {
			isa = PBXGroup;
			children = (
				A74A819A1C66F9D9000C12BD /* Lattice_AMPS */,
				A74A81991C66F9D9000C12BD /* Products */,
			);
			sourceTree = "<group>";
		};
		A74A81991C66F9D9000C12BD /* Products */ = {
			isa = PBXGroup;
			children = (
				A74A81981C66F9D9000C12BD /* Lattice_AMPS */,
			);
			name = Products;
			sourceTree = "<group>";
		};
		A74A819A1C66F9D9000C12BD /* Lattice_AMPS */ = {
			isa = PBXGroup;
			children = (
				A74A819B1C66F9D9000C12BD /* main.cpp */,
				A7D829651C987BAF00DA4885 /* Site.cpp */,
				A7D829661C987BAF00DA4885 /* Site.hpp */,
				A7D829681C987BFC00DA4885 /* Lattice.cpp */,
				A7D829691C987BFC00DA4885 /* Lattice.hpp */,
			);
			path = Lattice_AMPS;
			sourceTree = "<group>";
		};
/* End PBXGroup section */

/* Begin PBXNativeTarget section */
		A74A81971C66F9D9000C12BD /* Lattice_AMPS */ = {
			isa = PBXNativeTarget;
			buildConfigurationList = A74A819F1C66F9D9000C12BD /* Build configuration list for PBXNativeTarget "Lattice_AMPS" */;
			buildPhases = (
				A74A81941C66F9D9000C12BD /* Sources */,
				A74A81951C66F9D9000C12BD /* Frameworks */,
				A74A81961C66F9D9000C12BD /* CopyFiles */,
			);
			buildRules = (
			);
			dependencies = (
			);
			name = Lattice_AMPS;
			productName = Lattice_AMPS;
			productReference = A74A81981C66F9D9000C12BD /* Lattice_AMPS */;
			productType = "com.apple.product-type.tool";
		};
/* End PBXNativeTarget section */

/* Begin PBXProject section */
		A74A81901C66F9D9000C12BD /* Project object */ = {
			isa = PBXProject;
			attributes = {
				LastUpgradeCheck = 0720;
				ORGANIZATIONNAME = "Oliver Spiro";
				TargetAttributes = {
					A74A81971C66F9D9000C12BD = {
						CreatedOnToolsVersion = 7.2.1;
					};
				};
			};
			buildConfigurationList = A74A81931C66F9D9000C12BD /* Build configuration list for PBXProject "Lattice_AMPS" */;
			compatibilityVersion = "Xcode 3.2";
			developmentRegion = English;
			hasScannedForEncodings = 0;
			knownRegions = (
				en,
			);
			mainGroup = A74A818F1C66F9D9000C12BD;
			productRefGroup = A74A81991C66F9D9000C12BD /* Products */;
			projectDirPath = "";
			projectRoot = "";
			targets = (
				A74A81971C66F9D9000C12BD /* Lattice_AMPS */,
			);
		};
/* End PBXProject section */

/* Begin PBXSourcesBuildPhase section */
		A74A81941C66F9D9000C12BD /* Sources */ = {
			isa = PBXSourcesBuildPhase;
			buildActionMask = 2147483647;
			files = (
				A7D8296A1C987BFC00DA4885 /* Lattice.cpp in Sources */,
				A74A819C1C66F9D9000C12BD /* main.cpp in Sources */,
				A7D829671C987BAF00DA4885 /* Site.cpp in Sources */,
			);
			runOnlyForDeploymentPostprocessing = 0;
		};
/* End PBXSourcesBuildPhase section */

/* Begin XCBuildConfiguration section */
		A74A819D1C66F9D9000C12BD /* Debug */ = {
			isa = XCBuildConfiguration;
			buildSettings = {
				ALWAYS_SEARCH_USER_PATHS = NO;
				CLANG_CXX_LANGUAGE_STANDARD = "gnu++0x";
				CLANG_CXX_LIBRARY = "libc++";
				CLANG_ENABLE_MODULES = YES;
				CLANG_ENABLE_OBJC_ARC = YES;
				CLANG_WARN_BOOL_CONVERSION = YES;
				CLANG_WARN_CONSTANT_CONVERSION = YES;
				CLANG_WARN_DIRECT_OBJC_ISA_USAGE = YES_ERROR;
				CLANG_WARN_EMPTY_BODY = YES;
				CLANG_WARN_ENUM_CONVERSION = YES;
				CLANG_WARN_INT_CONVERSION = YES;
				CLANG_WARN_OBJC_ROOT_CLASS = YES_ERROR;
				CLANG_WARN_UNREACHABLE_CODE = YES;
				CLANG_WARN__DUPLICATE_METHOD_MATCH = YES;
				CODE_SIGN_IDENTITY = "-";
				COPY_PHASE_STRIP = NO;
				DEBUG_INFORMATION_FORMAT = dwarf;
				ENABLE_STRICT_OBJC_MSGSEND = YES;
				ENABLE_TESTABILITY = YES;
				GCC_C_LANGUAGE_STANDARD = gnu99;
				GCC_DYNAMIC_NO_PIC = NO;
				GCC_NO_COMMON_BLOCKS = YES;
				GCC_OPTIMIZATION_LEVEL = 0;
				GCC_PREPROCESSOR_DEFINITIONS = (
					"DEBUG=1",
					"$(inherited)",
				);
				GCC_WARN_64_TO_32_BIT_CONVERSION = YES;
				GCC_WARN_ABOUT_RETURN_TYPE = YES_ERROR;
				GCC_WARN_UNDECLARED_SELECTOR = YES;
				GCC_WARN_UNINITIALIZED_AUTOS = YES_AGGRESSIVE;
				GCC_WARN_UNUSED_FUNCTION = YES;
				GCC_WARN_UNUSED_VARIABLE = YES;
				MACOSX_DEPLOYMENT_TARGET = 10.11;
				MTL_ENABLE_DEBUG_INFO = YES;
				ONLY_ACTIVE_ARCH = YES;
				SDKROOT = macosx;
			};
			name = Debug;
		};
		A74A819E1C66F9D9000C12BD /* Release */ = {
			isa = XCBuildConfiguration;
			buildSettings = {
				ALWAYS_SEARCH_USER_PATHS = NO;
				CLANG_CXX_LANGUAGE_STANDARD = "gnu++0x";
				CLANG_CXX_LIBRARY = "libc++";
				CLANG_ENABLE_MODULES = YES;
				CLANG_ENABLE_OBJC_ARC = YES;
				CLANG_WARN_BOOL_CONVERSION = YES;
				CLANG_WARN_CONSTANT_CONVERSION = YES;
				CLANG_WARN_DIRECT_OBJC_ISA_USAGE = YES_ERROR;
				CLANG_WARN_EMPTY_BODY = YES;
				CLANG_WARN_ENUM_CONVERSION = YES;
				CLANG_WARN_INT_CONVERSION = YES;
				CLANG_WARN_OBJC_ROOT_CLASS = YES_ERROR;
				CLANG_WARN_UNREACHABLE_CODE = YES;
				CLANG_WARN__DUPLICATE_METHOD_MATCH = YES;
				CODE_SIGN_IDENTITY = "-";
				COPY_PHASE_STRIP = NO;
				DEBUG_INFORMATION_FORMAT = "dwarf-with-dsym";
				ENABLE_NS_ASSERTIONS = NO;
				ENABLE_STRICT_OBJC_MSGSEND = YES;
				GCC_C_LANGUAGE_STANDARD = gnu99;
				GCC_NO_COMMON_BLOCKS = YES;
				GCC_WARN_64_TO_32_BIT_CONVERSION = YES;
				GCC_WARN_ABOUT_RETURN_TYPE = YES_ERROR;
				GCC_WARN_UNDECLARED_SELECTOR = YES;
				GCC_WARN_UNINITIALIZED_AUTOS = YES_AGGRESSIVE;
				GCC_WARN_UNUSED_FUNCTION = YES;
				GCC_WARN_UNUSED_VARIABLE = YES;
				MACOSX_DEPLOYMENT_TARGET = 10.11;
				MTL_ENABLE_DEBUG_INFO = NO;
				SDKROOT = macosx;
			};
			name = Release;
		};
		A74A81A01C66F9D9000C12BD /* Debug */ = {
			isa = XCBuildConfiguration;
			buildSettings = {
				CLANG_CXX_LANGUAGE_STANDARD = "gnu++0x";
				GCC_OPTIMIZATION_LEVEL = 0;
				OTHER_LDFLAGS = "";
				PRODUCT_NAME = "$(TARGET_NAME)";
			};
			name = Debug;
		};
		A74A81A11C66F9D9000C12BD /* Release */ = {
			isa = XCBuildConfiguration;
			buildSettings = {
				CLANG_CXX_LANGUAGE_STANDARD = "gnu++0x";
				OTHER_LDFLAGS = "";
				PRODUCT_NAME = "$(TARGET_NAME)";
			};
			name = Release;
		};
/* End XCBuildConfiguration section */

/* Begin XCConfigurationList section */
		A74A81931C66F9D9000C12BD /* Build configuration list for PBXProject "Lattice_AMPS" */ = {
			isa = XCConfigurationList;
			buildConfigurations = (
				A74A819D1C66F9D9000C12BD /* Debug */,
				A74A819E1C66F9D9000C12BD /* Release */,
			);
			defaultConfigurationIsVisible = 0;
			defaultConfigurationName = Release;
		};
		A74A819F1C66F9D9000C12BD /* Build configuration list for PBXNativeTarget "Lattice_AMPS" */ = {
			isa = XCConfigurationList;
			buildConfigurations = (
				A74A81A01C66F9D9000C12BD /* Debug */,
				A74A81A11C66F9D9000C12BD /* Release */,
			);
			defaultConfigurationIsVisible = 0;
			defaultConfigurationName = Release;
		};
/* End XCConfigurationList section */
	};
	rootObject = A74A81901C66F9D9000C12BD /* Project object */;
}
